
Microsoft Visual Studio Solution File, Format Version 12.00
# Visual Studio Version 16
VisualStudioVersion = 16.0.28729.10
MinimumVisualStudioVersion = 10.0.40219.1
Project("{9A19103F-16F7-4668-BE54-9A1E7A4F7556}") = "C9DupScan", "DupScan\C9DupScan.csproj", "{DC18D54D-4D59-4811-8A56-0FE0BB56F766}"
	ProjectSection(ProjectDependencies) = postProject
		{C8A6823D-F716-4C00-9A33-CC0D42D00E6E} = {C8A6823D-F716-4C00-9A33-CC0D42D00E6E}
	EndProjectSection
EndProject
Project("{9A19103F-16F7-4668-BE54-9A1E7A4F7556}") = "C9Native", "TestNative\C9Native.csproj", "{C8A6823D-F716-4C00-9A33-CC0D42D00E6E}"
	ProjectSection(ProjectDependencies) = postProject
		{A8B0760C-7807-4709-9B08-162DB0A2AC0E} = {A8B0760C-7807-4709-9B08-162DB0A2AC0E}
	EndProjectSection
EndProject
Project("{8BC9CEB8-8B4A-11D0-8D11-00A0C91BC942}") = "TestTarget", "TestTarget\TestTarget.vcxproj", "{A8B0760C-7807-4709-9B08-162DB0A2AC0E}"
EndProject
Project("{FAE04EC0-301F-11D3-BF4B-00C04F79EFBC}") = "ShowDisplays", "ShowDisplays\ShowDisplays.csproj", "{E28D5F11-D20D-4A4E-A862-E1218C6731D7}"
EndProject
Project("{FAE04EC0-301F-11D3-BF4B-00C04F79EFBC}") = "C9FIleWatcher", "C9FIleWatcher\C9FIleWatcher.csproj", "{C17259EC-C8A1-43E9-8FAC-7957ADE4617D}"
EndProject
Project("{9A19103F-16F7-4668-BE54-9A1E7A4F7556}") = "C9FileHelpers", "C9FileHelpers\C9FileHelpers.csproj", "{F54446A8-E45E-4ECB-95FA-9FE02D24185D}"
EndProject
Project("{8BC9CEB8-8B4A-11D0-8D11-00A0C91BC942}") = "TestGetVolumeInformation", "TestGetVolumeInformation\TestGetVolumeInformation.vcxproj", "{CAB2FC11-80B5-4381-8B59-A6C0C877FED4}"
EndProject
Project("{8BC9CEB8-8B4A-11D0-8D11-00A0C91BC942}") = "TestFileIdentifier", "TestFileIdentifier\TestFileIdentifier.vcxproj", "{17CCB4EC-6A8E-434C-88CC-44A358BBD6BC}"
EndProject
Project("{9A19103F-16F7-4668-BE54-9A1E7A4F7556}") = "TestDup01", "TestDup01\TestDup01.csproj", "{3B10BA6A-C156-4975-8B33-64B6072D6746}"
	ProjectSection(ProjectDependencies) = postProject
		{C8A6823D-F716-4C00-9A33-CC0D42D00E6E} = {C8A6823D-F716-4C00-9A33-CC0D42D00E6E}
		{F54446A8-E45E-4ECB-95FA-9FE02D24185D} = {F54446A8-E45E-4ECB-95FA-9FE02D24185D}
	EndProjectSection
EndProject
Project("{FAE04EC0-301F-11D3-BF4B-00C04F79EFBC}") = "FindAndCopyFiles", "FindAndCopyFiles\FindAndCopyFiles.csproj", "{1480A1FE-1C2E-425A-A5B2-AA97763B62EF}"
EndProject
Global
	GlobalSection(SolutionConfigurationPlatforms) = preSolution
		Debug|Any CPU = Debug|Any CPU
		Debug|x64 = Debug|x64
		Debug|x86 = Debug|x86
		Release|Any CPU = Release|Any CPU
		Release|x64 = Release|x64
		Release|x86 = Release|x86
	EndGlobalSection
	GlobalSection(ProjectConfigurationPlatforms) = postSolution
		{DC18D54D-4D59-4811-8A56-0FE0BB56F766}.Debug|Any CPU.ActiveCfg = Debug|Any CPU
		{DC18D54D-4D59-4811-8A56-0FE0BB56F766}.Debug|Any CPU.Build.0 = Debug|Any CPU
		{DC18D54D-4D59-4811-8A56-0FE0BB56F766}.Debug|x64.ActiveCfg = Debug|Any CPU
		{DC18D54D-4D59-4811-8A56-0FE0BB56F766}.Debug|x64.Build.0 = Debug|Any CPU
		{DC18D54D-4D59-4811-8A56-0FE0BB56F766}.Debug|x86.ActiveCfg = Debug|Any CPU
		{DC18D54D-4D59-4811-8A56-0FE0BB56F766}.Debug|x86.Build.0 = Debug|Any CPU
		{DC18D54D-4D59-4811-8A56-0FE0BB56F766}.Release|Any CPU.ActiveCfg = Debug|Any CPU
		{DC18D54D-4D59-4811-8A56-0FE0BB56F766}.Release|Any CPU.Build.0 = Debug|Any CPU
		{DC18D54D-4D59-4811-8A56-0FE0BB56F766}.Release|x64.ActiveCfg = Debug|Any CPU
		{DC18D54D-4D59-4811-8A56-0FE0BB56F766}.Release|x64.Build.0 = Debug|Any CPU
		{DC18D54D-4D59-4811-8A56-0FE0BB56F766}.Release|x86.ActiveCfg = Debug|Any CPU
		{DC18D54D-4D59-4811-8A56-0FE0BB56F766}.Release|x86.Build.0 = Debug|Any CPU
		{C8A6823D-F716-4C00-9A33-CC0D42D00E6E}.Debug|Any CPU.ActiveCfg = Debug|Any CPU
		{C8A6823D-F716-4C00-9A33-CC0D42D00E6E}.Debug|Any CPU.Build.0 = Debug|Any CPU
		{C8A6823D-F716-4C00-9A33-CC0D42D00E6E}.Debug|x64.ActiveCfg = Debug|Any CPU
		{C8A6823D-F716-4C00-9A33-CC0D42D00E6E}.Debug|x64.Build.0 = Debug|Any CPU
		{C8A6823D-F716-4C00-9A33-CC0D42D00E6E}.Debug|x86.ActiveCfg = Debug|Any CPU
		{C8A6823D-F716-4C00-9A33-CC0D42D00E6E}.Debug|x86.Build.0 = Debug|Any CPU
		{C8A6823D-F716-4C00-9A33-CC0D42D00E6E}.Release|Any CPU.ActiveCfg = Debug|Any CPU
		{C8A6823D-F716-4C00-9A33-CC0D42D00E6E}.Release|Any CPU.Build.0 = Debug|Any CPU
		{C8A6823D-F716-4C00-9A33-CC0D42D00E6E}.Release|x64.ActiveCfg = Debug|Any CPU
		{C8A6823D-F716-4C00-9A33-CC0D42D00E6E}.Release|x64.Build.0 = Debug|Any CPU
		{C8A6823D-F716-4C00-9A33-CC0D42D00E6E}.Release|x86.ActiveCfg = Debug|Any CPU
		{C8A6823D-F716-4C00-9A33-CC0D42D00E6E}.Release|x86.Build.0 = Debug|Any CPU
		{A8B0760C-7807-4709-9B08-162DB0A2AC0E}.Debug|Any CPU.ActiveCfg = Debug|Win32
		{A8B0760C-7807-4709-9B08-162DB0A2AC0E}.Debug|x64.ActiveCfg = Debug|Win32
		{A8B0760C-7807-4709-9B08-162DB0A2AC0E}.Debug|x64.Build.0 = Debug|Win32
		{A8B0760C-7807-4709-9B08-162DB0A2AC0E}.Debug|x86.ActiveCfg = Debug|Win32
		{A8B0760C-7807-4709-9B08-162DB0A2AC0E}.Debug|x86.Build.0 = Debug|Win32
		{A8B0760C-7807-4709-9B08-162DB0A2AC0E}.Release|Any CPU.ActiveCfg = Debug|Win32
		{A8B0760C-7807-4709-9B08-162DB0A2AC0E}.Release|x64.ActiveCfg = Debug|Win32
		{A8B0760C-7807-4709-9B08-162DB0A2AC0E}.Release|x64.Build.0 = Debug|Win32
		{A8B0760C-7807-4709-9B08-162DB0A2AC0E}.Release|x86.ActiveCfg = Debug|Win32
		{A8B0760C-7807-4709-9B08-162DB0A2AC0E}.Release|x86.Build.0 = Debug|Win32
		{E28D5F11-D20D-4A4E-A862-E1218C6731D7}.Debug|Any CPU.ActiveCfg = Debug|Any CPU
		{E28D5F11-D20D-4A4E-A862-E1218C6731D7}.Debug|Any CPU.Build.0 = Debug|Any CPU
		{E28D5F11-D20D-4A4E-A862-E1218C6731D7}.Debug|x64.ActiveCfg = Debug|Any CPU
		{E28D5F11-D20D-4A4E-A862-E1218C6731D7}.Debug|x64.Build.0 = Debug|Any CPU
		{E28D5F11-D20D-4A4E-A862-E1218C6731D7}.Debug|x86.ActiveCfg = Debug|Any CPU
		{E28D5F11-D20D-4A4E-A862-E1218C6731D7}.Debug|x86.Build.0 = Debug|Any CPU
		{E28D5F11-D20D-4A4E-A862-E1218C6731D7}.Release|Any CPU.ActiveCfg = Release|Any CPU
		{E28D5F11-D20D-4A4E-A862-E1218C6731D7}.Release|Any CPU.Build.0 = Release|Any CPU
		{E28D5F11-D20D-4A4E-A862-E1218C6731D7}.Release|x64.ActiveCfg = Release|Any CPU
		{E28D5F11-D20D-4A4E-A862-E1218C6731D7}.Release|x64.Build.0 = Release|Any CPU
		{E28D5F11-D20D-4A4E-A862-E1218C6731D7}.Release|x86.ActiveCfg = Release|Any CPU
		{E28D5F11-D20D-4A4E-A862-E1218C6731D7}.Release|x86.Build.0 = Release|Any CPU
		{C17259EC-C8A1-43E9-8FAC-7957ADE4617D}.Debug|Any CPU.ActiveCfg = Debug|Any CPU
		{C17259EC-C8A1-43E9-8FAC-7957ADE4617D}.Debug|Any CPU.Build.0 = Debug|Any CPU
		{C17259EC-C8A1-43E9-8FAC-7957ADE4617D}.Debug|x64.ActiveCfg = Debug|Any CPU
		{C17259EC-C8A1-43E9-8FAC-7957ADE4617D}.Debug|x64.Build.0 = Debug|Any CPU
		{C17259EC-C8A1-43E9-8FAC-7957ADE4617D}.Debug|x86.ActiveCfg = Debug|Any CPU
		{C17259EC-C8A1-43E9-8FAC-7957ADE4617D}.Debug|x86.Build.0 = Debug|Any CPU
		{C17259EC-C8A1-43E9-8FAC-7957ADE4617D}.Release|Any CPU.ActiveCfg = Release|Any CPU
		{C17259EC-C8A1-43E9-8FAC-7957ADE4617D}.Release|Any CPU.Build.0 = Release|Any CPU
		{C17259EC-C8A1-43E9-8FAC-7957ADE4617D}.Release|x64.ActiveCfg = Release|Any CPU
		{C17259EC-C8A1-43E9-8FAC-7957ADE4617D}.Release|x64.Build.0 = Release|Any CPU
		{C17259EC-C8A1-43E9-8FAC-7957ADE4617D}.Release|x86.ActiveCfg = Release|Any CPU
		{C17259EC-C8A1-43E9-8FAC-7957ADE4617D}.Release|x86.Build.0 = Release|Any CPU
		{F54446A8-E45E-4ECB-95FA-9FE02D24185D}.Debug|Any CPU.ActiveCfg = Debug|Any CPU
		{F54446A8-E45E-4ECB-95FA-9FE02D24185D}.Debug|Any CPU.Build.0 = Debug|Any CPU
		{F54446A8-E45E-4ECB-95FA-9FE02D24185D}.Debug|x64.ActiveCfg = Debug|Any CPU
		{F54446A8-E45E-4ECB-95FA-9FE02D24185D}.Debug|x64.Build.0 = Debug|Any CPU
		{F54446A8-E45E-4ECB-95FA-9FE02D24185D}.Debug|x86.ActiveCfg = Debug|Any CPU
		{F54446A8-E45E-4ECB-95FA-9FE02D24185D}.Debug|x86.Build.0 = Debug|Any CPU
		{F54446A8-E45E-4ECB-95FA-9FE02D24185D}.Release|Any CPU.ActiveCfg = Release|Any CPU
		{F54446A8-E45E-4ECB-95FA-9FE02D24185D}.Release|Any CPU.Build.0 = Release|Any CPU
		{F54446A8-E45E-4ECB-95FA-9FE02D24185D}.Release|x64.ActiveCfg = Release|Any CPU
		{F54446A8-E45E-4ECB-95FA-9FE02D24185D}.Release|x64.Build.0 = Release|Any CPU
		{F54446A8-E45E-4ECB-95FA-9FE02D24185D}.Release|x86.ActiveCfg = Release|Any CPU
		{F54446A8-E45E-4ECB-95FA-9FE02D24185D}.Release|x86.Build.0 = Release|Any CPU
		{CAB2FC11-80B5-4381-8B59-A6C0C877FED4}.Debug|Any CPU.ActiveCfg = Debug|Win32
		{CAB2FC11-80B5-4381-8B59-A6C0C877FED4}.Debug|x64.ActiveCfg = Debug|x64
		{CAB2FC11-80B5-4381-8B59-A6C0C877FED4}.Debug|x64.Build.0 = Debug|x64
		{CAB2FC11-80B5-4381-8B59-A6C0C877FED4}.Debug|x86.ActiveCfg = Debug|Win32
		{CAB2FC11-80B5-4381-8B59-A6C0C877FED4}.Debug|x86.Build.0 = Debug|Win32
		{CAB2FC11-80B5-4381-8B59-A6C0C877FED4}.Release|Any CPU.ActiveCfg = Release|Win32
		{CAB2FC11-80B5-4381-8B59-A6C0C877FED4}.Release|x64.ActiveCfg = Release|x64
		{CAB2FC11-80B5-4381-8B59-A6C0C877FED4}.Release|x64.Build.0 = Release|x64
		{CAB2FC11-80B5-4381-8B59-A6C0C877FED4}.Release|x86.ActiveCfg = Release|Win32
		{CAB2FC11-80B5-4381-8B59-A6C0C877FED4}.Release|x86.Build.0 = Release|Win32
		{17CCB4EC-6A8E-434C-88CC-44A358BBD6BC}.Debug|Any CPU.ActiveCfg = Debug|Win32
		{17CCB4EC-6A8E-434C-88CC-44A358BBD6BC}.Debug|x64.ActiveCfg = Debug|x64
		{17CCB4EC-6A8E-434C-88CC-44A358BBD6BC}.Debug|x64.Build.0 = Debug|x64
		{17CCB4EC-6A8E-434C-88CC-44A358BBD6BC}.Debug|x86.ActiveCfg = Debug|Win32
		{17CCB4EC-6A8E-434C-88CC-44A358BBD6BC}.Debug|x86.Build.0 = Debug|Win32
		{17CCB4EC-6A8E-434C-88CC-44A358BBD6BC}.Release|Any CPU.ActiveCfg = Release|Win32
		{17CCB4EC-6A8E-434C-88CC-44A358BBD6BC}.Release|x64.ActiveCfg = Release|x64
		{17CCB4EC-6A8E-434C-88CC-44A358BBD6BC}.Release|x64.Build.0 = Release|x64
		{17CCB4EC-6A8E-434C-88CC-44A358BBD6BC}.Release|x86.ActiveCfg = Release|Win32
		{17CCB4EC-6A8E-434C-88CC-44A358BBD6BC}.Release|x86.Build.0 = Release|Win32
		{3B10BA6A-C156-4975-8B33-64B6072D6746}.Debug|Any CPU.ActiveCfg = Debug|Any CPU
		{3B10BA6A-C156-4975-8B33-64B6072D6746}.Debug|Any CPU.Build.0 = Debug|Any CPU
		{3B10BA6A-C156-4975-8B33-64B6072D6746}.Debug|x64.ActiveCfg = Debug|Any CPU
		{3B10BA6A-C156-4975-8B33-64B6072D6746}.Debug|x64.Build.0 = Debug|Any CPU
		{3B10BA6A-C156-4975-8B33-64B6072D6746}.Debug|x86.ActiveCfg = Debug|Any CPU
		{3B10BA6A-C156-4975-8B33-64B6072D6746}.Debug|x86.Build.0 = Debug|Any CPU
		{3B10BA6A-C156-4975-8B33-64B6072D6746}.Release|Any CPU.ActiveCfg = Release|Any CPU
		{3B10BA6A-C156-4975-8B33-64B6072D6746}.Release|Any CPU.Build.0 = Release|Any CPU
		{3B10BA6A-C156-4975-8B33-64B6072D6746}.Release|x64.ActiveCfg = Release|Any CPU
		{3B10BA6A-C156-4975-8B33-64B6072D6746}.Release|x64.Build.0 = Release|Any CPU
		{3B10BA6A-C156-4975-8B33-64B6072D6746}.Release|x86.ActiveCfg = Release|Any CPU
		{3B10BA6A-C156-4975-8B33-64B6072D6746}.Release|x86.Build.0 = Release|Any CPU
		{1480A1FE-1C2E-425A-A5B2-AA97763B62EF}.Debug|Any CPU.ActiveCfg = Debug|Any CPU
		{1480A1FE-1C2E-425A-A5B2-AA97763B62EF}.Debug|Any CPU.Build.0 = Debug|Any CPU
		{1480A1FE-1C2E-425A-A5B2-AA97763B62EF}.Debug|x64.ActiveCfg = Debug|Any CPU
		{1480A1FE-1C2E-425A-A5B2-AA97763B62EF}.Debug|x64.Build.0 = Debug|Any CPU
		{1480A1FE-1C2E-425A-A5B2-AA97763B62EF}.Debug|x86.ActiveCfg = Debug|Any CPU
		{1480A1FE-1C2E-425A-A5B2-AA97763B62EF}.Debug|x86.Build.0 = Debug|Any CPU
		{1480A1FE-1C2E-425A-A5B2-AA97763B62EF}.Release|Any CPU.ActiveCfg = Release|Any CPU
		{1480A1FE-1C2E-425A-A5B2-AA97763B62EF}.Release|Any CPU.Build.0 = Release|Any CPU
		{1480A1FE-1C2E-425A-A5B2-AA97763B62EF}.Release|x64.ActiveCfg = Release|Any CPU
		{1480A1FE-1C2E-425A-A5B2-AA97763B62EF}.Release|x64.Build.0 = Release|Any CPU
		{1480A1FE-1C2E-425A-A5B2-AA97763B62EF}.Release|x86.ActiveCfg = Release|Any CPU
		{1480A1FE-1C2E-425A-A5B2-AA97763B62EF}.Release|x86.Build.0 = Release|Any CPU
	EndGlobalSection
	GlobalSection(SolutionProperties) = preSolution
		HideSolutionNode = FALSE
	EndGlobalSection
	GlobalSection(ExtensibilityGlobals) = postSolution
		SolutionGuid = {90D9609E-2783-472E-8008-DC32E6E018DB}
	EndGlobalSection
EndGlobal
